// !$*UTF8*$!
{
	archiveVersion = 1;
	classes = {
	};
	objectVersion = 46;
	objects = {

/* Begin PBXBuildFile section */
		2C6DE056196BF6A500E53191 /* Foundation.framework in Frameworks */ = {isa = PBXBuildFile; fileRef = 2C6DE055196BF6A500E53191 /* Foundation.framework */; };
		2C6DE058196BF6A500E53191 /* CoreGraphics.framework in Frameworks */ = {isa = PBXBuildFile; fileRef = 2C6DE057196BF6A500E53191 /* CoreGraphics.framework */; };
		2C6DE05A196BF6A500E53191 /* UIKit.framework in Frameworks */ = {isa = PBXBuildFile; fileRef = 2C6DE059196BF6A500E53191 /* UIKit.framework */; };
		2C6DE05C196BF6A600E53191 /* SpriteKit.framework in Frameworks */ = {isa = PBXBuildFile; fileRef = 2C6DE05B196BF6A600E53191 /* SpriteKit.framework */; };
		2C6DE062196BF6A600E53191 /* InfoPlist.strings in Resources */ = {isa = PBXBuildFile; fileRef = 2C6DE060196BF6A600E53191 /* InfoPlist.strings */; };
		2C6DE064196BF6A600E53191 /* main.m in Sources */ = {isa = PBXBuildFile; fileRef = 2C6DE063196BF6A600E53191 /* main.m */; };
		2C6DE068196BF6A600E53191 /* AppDelegate.m in Sources */ = {isa = PBXBuildFile; fileRef = 2C6DE067196BF6A600E53191 /* AppDelegate.m */; };
		2C6DE071196BF6A600E53191 /* ViewController.m in Sources */ = {isa = PBXBuildFile; fileRef = 2C6DE070196BF6A600E53191 /* ViewController.m */; };
		2C6DE074196BF6A600E53191 /* MyScene.m in Sources */ = {isa = PBXBuildFile; fileRef = 2C6DE073196BF6A600E53191 /* MyScene.m */; };
		2C6DE076196BF6A600E53191 /* Spaceship.png in Resources */ = {isa = PBXBuildFile; fileRef = 2C6DE075196BF6A600E53191 /* Spaceship.png */; };
		2C6DE078196BF6A600E53191 /* Images.xcassets in Resources */ = {isa = PBXBuildFile; fileRef = 2C6DE077196BF6A600E53191 /* Images.xcassets */; };
		2C6DE07F196BF6A600E53191 /* XCTest.framework in Frameworks */ = {isa = PBXBuildFile; fileRef = 2C6DE07E196BF6A600E53191 /* XCTest.framework */; };
		2C6DE080196BF6A600E53191 /* Foundation.framework in Frameworks */ = {isa = PBXBuildFile; fileRef = 2C6DE055196BF6A500E53191 /* Foundation.framework */; };
		2C6DE081196BF6A600E53191 /* UIKit.framework in Frameworks */ = {isa = PBXBuildFile; fileRef = 2C6DE059196BF6A500E53191 /* UIKit.framework */; };
		2C6DE089196BF6A600E53191 /* InfoPlist.strings in Resources */ = {isa = PBXBuildFile; fileRef = 2C6DE087196BF6A600E53191 /* InfoPlist.strings */; };
		2C6DE08B196BF6A600E53191 /* MotionManagerDemoTests.m in Sources */ = {isa = PBXBuildFile; fileRef = 2C6DE08A196BF6A600E53191 /* MotionManagerDemoTests.m */; };
		2C6DE096196BF6E600E53191 /* MotionManagerSingleton.m in Sources */ = {isa = PBXBuildFile; fileRef = 2C6DE095196BF6E600E53191 /* MotionManagerSingleton.m */; };
		2C6DE098196BF78D00E53191 /* CoreMotion.framework in Frameworks */ = {isa = PBXBuildFile; fileRef = 2C6DE097196BF78D00E53191 /* CoreMotion.framework */; };
		2C6DE09A196BF7AD00E53191 /* GLKit.framework in Frameworks */ = {isa = PBXBuildFile; fileRef = 2C6DE099196BF7AD00E53191 /* GLKit.framework */; };
		2C958C851975BC4700E8BBA9 /* MotionManagerSingletonSwift.swift in Sources */ = {isa = PBXBuildFile; fileRef = 2C958C841975BC4700E8BBA9 /* MotionManagerSingletonSwift.swift */; };
		2CD699C01AE1B3ED00EA7A60 /* Main_iPad.storyboard in Resources */ = {isa = PBXBuildFile; fileRef = 2CD699BE1AE1B3ED00EA7A60 /* Main_iPad.storyboard */; };
		2CD699C11AE1B3ED00EA7A60 /* Main_iPhone.storyboard in Resources */ = {isa = PBXBuildFile; fileRef = 2CD699BF1AE1B3ED00EA7A60 /* Main_iPhone.storyboard */; };
		2CEEA573197DB3C500E7BA8A /* README.md in Sources */ = {isa = PBXBuildFile; fileRef = 2CEEA572197DB3C500E7BA8A /* README.md */; };
		2CEEA575197DB3E200E7BA8A /* License.txt in Resources */ = {isa = PBXBuildFile; fileRef = 2CEEA574197DB3E200E7BA8A /* License.txt */; };
/* End PBXBuildFile section */

/* Begin PBXContainerItemProxy section */
		2C6DE082196BF6A600E53191 /* PBXContainerItemProxy */ = {
			isa = PBXContainerItemProxy;
			containerPortal = 2C6DE04A196BF6A500E53191 /* Project object */;
			proxyType = 1;
			remoteGlobalIDString = 2C6DE051196BF6A500E53191;
			remoteInfo = MotionManagerDemo;
		};
/* End PBXContainerItemProxy section */

/* Begin PBXFileReference section */
		2C6DE052196BF6A500E53191 /* MotionManagerDemo.app */ = {isa = PBXFileReference; explicitFileType = wrapper.application; includeInIndex = 0; path = MotionManagerDemo.app; sourceTree = BUILT_PRODUCTS_DIR; };
		2C6DE055196BF6A500E53191 /* Foundation.framework */ = {isa = PBXFileReference; lastKnownFileType = wrapper.framework; name = Foundation.framework; path = System/Library/Frameworks/Foundation.framework; sourceTree = SDKROOT; };
		2C6DE057196BF6A500E53191 /* CoreGraphics.framework */ = {isa = PBXFileReference; lastKnownFileType = wrapper.framework; name = CoreGraphics.framework; path = System/Library/Frameworks/CoreGraphics.framework; sourceTree = SDKROOT; };
		2C6DE059196BF6A500E53191 /* UIKit.framework */ = {isa = PBXFileReference; lastKnownFileType = wrapper.framework; name = UIKit.framework; path = System/Library/Frameworks/UIKit.framework; sourceTree = SDKROOT; };
		2C6DE05B196BF6A600E53191 /* SpriteKit.framework */ = {isa = PBXFileReference; lastKnownFileType = wrapper.framework; name = SpriteKit.framework; path = System/Library/Frameworks/SpriteKit.framework; sourceTree = SDKROOT; };
		2C6DE05F196BF6A600E53191 /* MotionManagerDemo-Info.plist */ = {isa = PBXFileReference; lastKnownFileType = text.plist.xml; path = "MotionManagerDemo-Info.plist"; sourceTree = "<group>"; };
		2C6DE061196BF6A600E53191 /* en */ = {isa = PBXFileReference; lastKnownFileType = text.plist.strings; name = en; path = en.lproj/InfoPlist.strings; sourceTree = "<group>"; };
		2C6DE063196BF6A600E53191 /* main.m */ = {isa = PBXFileReference; lastKnownFileType = sourcecode.c.objc; path = main.m; sourceTree = "<group>"; };
		2C6DE065196BF6A600E53191 /* MotionManagerDemo-Prefix.pch */ = {isa = PBXFileReference; lastKnownFileType = sourcecode.c.h; path = "MotionManagerDemo-Prefix.pch"; sourceTree = "<group>"; };
		2C6DE067196BF6A600E53191 /* AppDelegate.m */ = {isa = PBXFileReference; lastKnownFileType = sourcecode.c.objc; path = AppDelegate.m; sourceTree = "<group>"; };
		2C6DE070196BF6A600E53191 /* ViewController.m */ = {isa = PBXFileReference; lastKnownFileType = sourcecode.c.objc; path = ViewController.m; sourceTree = "<group>"; };
		2C6DE072196BF6A600E53191 /* MyScene.h */ = {isa = PBXFileReference; lastKnownFileType = sourcecode.c.h; path = MyScene.h; sourceTree = "<group>"; };
		2C6DE073196BF6A600E53191 /* MyScene.m */ = {isa = PBXFileReference; lastKnownFileType = sourcecode.c.objc; path = MyScene.m; sourceTree = "<group>"; };
		2C6DE075196BF6A600E53191 /* Spaceship.png */ = {isa = PBXFileReference; lastKnownFileType = image.png; path = Spaceship.png; sourceTree = "<group>"; };
		2C6DE077196BF6A600E53191 /* Images.xcassets */ = {isa = PBXFileReference; lastKnownFileType = folder.assetcatalog; path = Images.xcassets; sourceTree = "<group>"; };
		2C6DE07D196BF6A600E53191 /* MotionManagerDemoTests.xctest */ = {isa = PBXFileReference; explicitFileType = wrapper.cfbundle; includeInIndex = 0; path = MotionManagerDemoTests.xctest; sourceTree = BUILT_PRODUCTS_DIR; };
		2C6DE07E196BF6A600E53191 /* XCTest.framework */ = {isa = PBXFileReference; lastKnownFileType = wrapper.framework; name = XCTest.framework; path = Library/Frameworks/XCTest.framework; sourceTree = DEVELOPER_DIR; };
		2C6DE086196BF6A600E53191 /* MotionManagerDemoTests-Info.plist */ = {isa = PBXFileReference; lastKnownFileType = text.plist.xml; path = "MotionManagerDemoTests-Info.plist"; sourceTree = "<group>"; };
		2C6DE088196BF6A600E53191 /* en */ = {isa = PBXFileReference; lastKnownFileType = text.plist.strings; name = en; path = en.lproj/InfoPlist.strings; sourceTree = "<group>"; };
		2C6DE08A196BF6A600E53191 /* MotionManagerDemoTests.m */ = {isa = PBXFileReference; lastKnownFileType = sourcecode.c.objc; path = MotionManagerDemoTests.m; sourceTree = "<group>"; };
		2C6DE094196BF6E600E53191 /* MotionManagerSingleton.h */ = {isa = PBXFileReference; fileEncoding = 4; lastKnownFileType = sourcecode.c.h; path = MotionManagerSingleton.h; sourceTree = "<group>"; };
		2C6DE095196BF6E600E53191 /* MotionManagerSingleton.m */ = {isa = PBXFileReference; fileEncoding = 4; lastKnownFileType = sourcecode.c.objc; path = MotionManagerSingleton.m; sourceTree = "<group>"; };
		2C6DE097196BF78D00E53191 /* CoreMotion.framework */ = {isa = PBXFileReference; lastKnownFileType = wrapper.framework; name = CoreMotion.framework; path = System/Library/Frameworks/CoreMotion.framework; sourceTree = SDKROOT; };
		2C6DE099196BF7AD00E53191 /* GLKit.framework */ = {isa = PBXFileReference; lastKnownFileType = wrapper.framework; name = GLKit.framework; path = System/Library/Frameworks/GLKit.framework; sourceTree = SDKROOT; };
		2C958C831975BC4600E8BBA9 /* MotionManagerDemo-Bridging-Header.h */ = {isa = PBXFileReference; lastKnownFileType = sourcecode.c.h; path = "MotionManagerDemo-Bridging-Header.h"; sourceTree = "<group>"; };
		2C958C841975BC4700E8BBA9 /* MotionManagerSingletonSwift.swift */ = {isa = PBXFileReference; fileEncoding = 4; lastKnownFileType = sourcecode.swift; path = MotionManagerSingletonSwift.swift; sourceTree = "<group>"; };
		2CD699B61AE1B34A00EA7A60 /* AppDelegate.h */ = {isa = PBXFileReference; lastKnownFileType = sourcecode.c.h; path = AppDelegate.h; sourceTree = "<group>"; };
		2CD699BE1AE1B3ED00EA7A60 /* Main_iPad.storyboard */ = {isa = PBXFileReference; fileEncoding = 4; lastKnownFileType = file.storyboard; path = Main_iPad.storyboard; sourceTree = "<group>"; };
		2CD699BF1AE1B3ED00EA7A60 /* Main_iPhone.storyboard */ = {isa = PBXFileReference; fileEncoding = 4; lastKnownFileType = file.storyboard; path = Main_iPhone.storyboard; sourceTree = "<group>"; };
		2CD699C21AE1B41500EA7A60 /* ViewController.h */ = {isa = PBXFileReference; lastKnownFileType = sourcecode.c.h; path = ViewController.h; sourceTree = "<group>"; };
		2CEEA572197DB3C500E7BA8A /* README.md */ = {isa = PBXFileReference; fileEncoding = 4; lastKnownFileType = net.daringfireball.markdown; path = README.md; sourceTree = "<group>"; };
		2CEEA574197DB3E200E7BA8A /* License.txt */ = {isa = PBXFileReference; fileEncoding = 4; lastKnownFileType = text; name = License.txt; path = MotionManagerDemo/License.txt; sourceTree = "<group>"; };
/* End PBXFileReference section */

/* Begin PBXFrameworksBuildPhase section */
		2C6DE04F196BF6A500E53191 /* Frameworks */ = {
			isa = PBXFrameworksBuildPhase;
			buildActionMask = 2147483647;
			files = (
				2C6DE09A196BF7AD00E53191 /* GLKit.framework in Frameworks */,
				2C6DE098196BF78D00E53191 /* CoreMotion.framework in Frameworks */,
				2C6DE058196BF6A500E53191 /* CoreGraphics.framework in Frameworks */,
				2C6DE05A196BF6A500E53191 /* UIKit.framework in Frameworks */,
				2C6DE05C196BF6A600E53191 /* SpriteKit.framework in Frameworks */,
				2C6DE056196BF6A500E53191 /* Foundation.framework in Frameworks */,
			);
			runOnlyForDeploymentPostprocessing = 0;
		};
		2C6DE07A196BF6A600E53191 /* Frameworks */ = {
			isa = PBXFrameworksBuildPhase;
			buildActionMask = 2147483647;
			files = (
				2C6DE07F196BF6A600E53191 /* XCTest.framework in Frameworks */,
				2C6DE081196BF6A600E53191 /* UIKit.framework in Frameworks */,
				2C6DE080196BF6A600E53191 /* Foundation.framework in Frameworks */,
			);
			runOnlyForDeploymentPostprocessing = 0;
		};
/* End PBXFrameworksBuildPhase section */

/* Begin PBXGroup section */
		2C6DE049196BF6A500E53191 = {
			isa = PBXGroup;
			children = (
				2CEEA572197DB3C500E7BA8A /* README.md */,
				2CEEA574197DB3E200E7BA8A /* License.txt */,
				2C6DE05D196BF6A600E53191 /* MotionManagerDemo */,
				2C6DE084196BF6A600E53191 /* MotionManagerDemoTests */,
				2C6DE054196BF6A500E53191 /* Frameworks */,
				2C6DE053196BF6A500E53191 /* Products */,
			);
			sourceTree = "<group>";
		};
		2C6DE053196BF6A500E53191 /* Products */ = {
			isa = PBXGroup;
			children = (
				2C6DE052196BF6A500E53191 /* MotionManagerDemo.app */,
				2C6DE07D196BF6A600E53191 /* MotionManagerDemoTests.xctest */,
			);
			name = Products;
			sourceTree = "<group>";
		};
		2C6DE054196BF6A500E53191 /* Frameworks */ = {
			isa = PBXGroup;
			children = (
				2C6DE099196BF7AD00E53191 /* GLKit.framework */,
				2C6DE097196BF78D00E53191 /* CoreMotion.framework */,
				2C6DE055196BF6A500E53191 /* Foundation.framework */,
				2C6DE057196BF6A500E53191 /* CoreGraphics.framework */,
				2C6DE059196BF6A500E53191 /* UIKit.framework */,
				2C6DE05B196BF6A600E53191 /* SpriteKit.framework */,
				2C6DE07E196BF6A600E53191 /* XCTest.framework */,
			);
			name = Frameworks;
			sourceTree = "<group>";
		};
		2C6DE05D196BF6A600E53191 /* MotionManagerDemo */ = {
			isa = PBXGroup;
			children = (
				2CD699B61AE1B34A00EA7A60 /* AppDelegate.h */,
				2C6DE067196BF6A600E53191 /* AppDelegate.m */,
				2CD699BE1AE1B3ED00EA7A60 /* Main_iPad.storyboard */,
				2CD699BF1AE1B3ED00EA7A60 /* Main_iPhone.storyboard */,
				2C6DE094196BF6E600E53191 /* MotionManagerSingleton.h */,
				2C6DE095196BF6E600E53191 /* MotionManagerSingleton.m */,
				2C958C841975BC4700E8BBA9 /* MotionManagerSingletonSwift.swift */,
				2CD699C21AE1B41500EA7A60 /* ViewController.h */,
				2C6DE070196BF6A600E53191 /* ViewController.m */,
				2C6DE072196BF6A600E53191 /* MyScene.h */,
				2C6DE073196BF6A600E53191 /* MyScene.m */,
				2C6DE075196BF6A600E53191 /* Spaceship.png */,
				2C6DE077196BF6A600E53191 /* Images.xcassets */,
				2C6DE05E196BF6A600E53191 /* Supporting Files */,
				2C958C831975BC4600E8BBA9 /* MotionManagerDemo-Bridging-Header.h */,
			);
			path = MotionManagerDemo;
			sourceTree = "<group>";
		};
		2C6DE05E196BF6A600E53191 /* Supporting Files */ = {
			isa = PBXGroup;
			children = (
				2C6DE05F196BF6A600E53191 /* MotionManagerDemo-Info.plist */,
				2C6DE060196BF6A600E53191 /* InfoPlist.strings */,
				2C6DE063196BF6A600E53191 /* main.m */,
				2C6DE065196BF6A600E53191 /* MotionManagerDemo-Prefix.pch */,
			);
			name = "Supporting Files";
			sourceTree = "<group>";
		};
		2C6DE084196BF6A600E53191 /* MotionManagerDemoTests */ = {
			isa = PBXGroup;
			children = (
				2C6DE08A196BF6A600E53191 /* MotionManagerDemoTests.m */,
				2C6DE085196BF6A600E53191 /* Supporting Files */,
			);
			path = MotionManagerDemoTests;
			sourceTree = "<group>";
		};
		2C6DE085196BF6A600E53191 /* Supporting Files */ = {
			isa = PBXGroup;
			children = (
				2C6DE086196BF6A600E53191 /* MotionManagerDemoTests-Info.plist */,
				2C6DE087196BF6A600E53191 /* InfoPlist.strings */,
			);
			name = "Supporting Files";
			sourceTree = "<group>";
		};
/* End PBXGroup section */

/* Begin PBXNativeTarget section */
		2C6DE051196BF6A500E53191 /* MotionManagerDemo */ = {
			isa = PBXNativeTarget;
			buildConfigurationList = 2C6DE08E196BF6A600E53191 /* Build configuration list for PBXNativeTarget "MotionManagerDemo" */;
			buildPhases = (
				2C6DE04E196BF6A500E53191 /* Sources */,
				2C6DE04F196BF6A500E53191 /* Frameworks */,
				2C6DE050196BF6A500E53191 /* Resources */,
			);
			buildRules = (
			);
			dependencies = (
			);
			name = MotionManagerDemo;
			productName = MotionManagerDemo;
			productReference = 2C6DE052196BF6A500E53191 /* MotionManagerDemo.app */;
			productType = "com.apple.product-type.application";
		};
		2C6DE07C196BF6A600E53191 /* MotionManagerDemoTests */ = {
			isa = PBXNativeTarget;
			buildConfigurationList = 2C6DE091196BF6A600E53191 /* Build configuration list for PBXNativeTarget "MotionManagerDemoTests" */;
			buildPhases = (
				2C6DE079196BF6A600E53191 /* Sources */,
				2C6DE07A196BF6A600E53191 /* Frameworks */,
				2C6DE07B196BF6A600E53191 /* Resources */,
			);
			buildRules = (
			);
			dependencies = (
				2C6DE083196BF6A600E53191 /* PBXTargetDependency */,
			);
			name = MotionManagerDemoTests;
			productName = MotionManagerDemoTests;
			productReference = 2C6DE07D196BF6A600E53191 /* MotionManagerDemoTests.xctest */;
			productType = "com.apple.product-type.bundle.unit-test";
		};
/* End PBXNativeTarget section */

/* Begin PBXProject section */
		2C6DE04A196BF6A500E53191 /* Project object */ = {
			isa = PBXProject;
			attributes = {
				LastUpgradeCheck = 0510;
				ORGANIZATIONNAME = MotionManagerDemo;
				TargetAttributes = {
					2C6DE07C196BF6A600E53191 = {
						TestTargetID = 2C6DE051196BF6A500E53191;
					};
				};
			};
			buildConfigurationList = 2C6DE04D196BF6A500E53191 /* Build configuration list for PBXProject "MotionManagerDemo" */;
			compatibilityVersion = "Xcode 3.2";
			developmentRegion = English;
			hasScannedForEncodings = 0;
			knownRegions = (
				en,
				Base,
			);
			mainGroup = 2C6DE049196BF6A500E53191;
			productRefGroup = 2C6DE053196BF6A500E53191 /* Products */;
			projectDirPath = "";
			projectRoot = "";
			targets = (
				2C6DE051196BF6A500E53191 /* MotionManagerDemo */,
				2C6DE07C196BF6A600E53191 /* MotionManagerDemoTests */,
			);
		};
/* End PBXProject section */

/* Begin PBXResourcesBuildPhase section */
		2C6DE050196BF6A500E53191 /* Resources */ = {
			isa = PBXResourcesBuildPhase;
			buildActionMask = 2147483647;
			files = (
				2C6DE076196BF6A600E53191 /* Spaceship.png in Resources */,
				2C6DE078196BF6A600E53191 /* Images.xcassets in Resources */,
				2CEEA575197DB3E200E7BA8A /* License.txt in Resources */,
				2CD699C11AE1B3ED00EA7A60 /* Main_iPhone.storyboard in Resources */,
				2CD699C01AE1B3ED00EA7A60 /* Main_iPad.storyboard in Resources */,
				2C6DE062196BF6A600E53191 /* InfoPlist.strings in Resources */,
			);
			runOnlyForDeploymentPostprocessing = 0;
		};
		2C6DE07B196BF6A600E53191 /* Resources */ = {
			isa = PBXResourcesBuildPhase;
			buildActionMask = 2147483647;
			files = (
				2C6DE089196BF6A600E53191 /* InfoPlist.strings in Resources */,
			);
			runOnlyForDeploymentPostprocessing = 0;
		};
/* End PBXResourcesBuildPhase section */

/* Begin PBXSourcesBuildPhase section */
		2C6DE04E196BF6A500E53191 /* Sources */ = {
			isa = PBXSourcesBuildPhase;
			buildActionMask = 2147483647;
			files = (
				2C6DE074196BF6A600E53191 /* MyScene.m in Sources */,
				2C958C851975BC4700E8BBA9 /* MotionManagerSingletonSwift.swift in Sources */,
				2C6DE071196BF6A600E53191 /* ViewController.m in Sources */,
				2CEEA573197DB3C500E7BA8A /* README.md in Sources */,
				2C6DE068196BF6A600E53191 /* AppDelegate.m in Sources */,
				2C6DE096196BF6E600E53191 /* MotionManagerSingleton.m in Sources */,
				2C6DE064196BF6A600E53191 /* main.m in Sources */,
			);
			runOnlyForDeploymentPostprocessing = 0;
		};
		2C6DE079196BF6A600E53191 /* Sources */ = {
			isa = PBXSourcesBuildPhase;
			buildActionMask = 2147483647;
			files = (
				2C6DE08B196BF6A600E53191 /* MotionManagerDemoTests.m in Sources */,
			);
			runOnlyForDeploymentPostprocessing = 0;
		};
/* End PBXSourcesBuildPhase section */

/* Begin PBXTargetDependency section */
		2C6DE083196BF6A600E53191 /* PBXTargetDependency */ = {
			isa = PBXTargetDependency;
			target = 2C6DE051196BF6A500E53191 /* MotionManagerDemo */;
			targetProxy = 2C6DE082196BF6A600E53191 /* PBXContainerItemProxy */;
		};
/* End PBXTargetDependency section */

/* Begin PBXVariantGroup section */
		2C6DE060196BF6A600E53191 /* InfoPlist.strings */ = {
			isa = PBXVariantGroup;
			children = (
				2C6DE061196BF6A600E53191 /* en */,
			);
			name = InfoPlist.strings;
			sourceTree = "<group>";
		};
		2C6DE087196BF6A600E53191 /* InfoPlist.strings */ = {
			isa = PBXVariantGroup;
			children = (
				2C6DE088196BF6A600E53191 /* en */,
			);
			name = InfoPlist.strings;
			sourceTree = "<group>";
		};
/* End PBXVariantGroup section */

/* Begin XCBuildConfiguration section */
		2C6DE08C196BF6A600E53191 /* Debug */ = {
			isa = XCBuildConfiguration;
			buildSettings = {
				ALWAYS_SEARCH_USER_PATHS = NO;
				CLANG_CXX_LANGUAGE_STANDARD = "gnu++0x";
				CLANG_CXX_LIBRARY = "libc++";
				CLANG_ENABLE_MODULES = YES;
				CLANG_ENABLE_OBJC_ARC = YES;
				CLANG_WARN_BOOL_CONVERSION = YES;
				CLANG_WARN_CONSTANT_CONVERSION = YES;
				CLANG_WARN_DIRECT_OBJC_ISA_USAGE = YES_ERROR;
				CLANG_WARN_EMPTY_BODY = YES;
				CLANG_WARN_ENUM_CONVERSION = YES;
				CLANG_WARN_INT_CONVERSION = YES;
				CLANG_WARN_OBJC_ROOT_CLASS = YES_ERROR;
				CLANG_WARN__DUPLICATE_METHOD_MATCH = YES;
				"CODE_SIGN_IDENTITY[sdk=iphoneos*]" = "iPhone Developer";
				COPY_PHASE_STRIP = NO;
				GCC_C_LANGUAGE_STANDARD = gnu99;
				GCC_DYNAMIC_NO_PIC = NO;
				GCC_OPTIMIZATION_LEVEL = 0;
				GCC_PREPROCESSOR_DEFINITIONS = (
					"DEBUG=1",
					"$(inherited)",
				);
				GCC_SYMBOLS_PRIVATE_EXTERN = NO;
				GCC_WARN_64_TO_32_BIT_CONVERSION = YES;
				GCC_WARN_ABOUT_RETURN_TYPE = YES_ERROR;
				GCC_WARN_UNDECLARED_SELECTOR = YES;
				GCC_WARN_UNINITIALIZED_AUTOS = YES_AGGRESSIVE;
				GCC_WARN_UNUSED_FUNCTION = YES;
				GCC_WARN_UNUSED_VARIABLE = YES;
				IPHONEOS_DEPLOYMENT_TARGET = 8.3;
				ONLY_ACTIVE_ARCH = YES;
				SDKROOT = iphoneos;
				TARGETED_DEVICE_FAMILY = "1,2";
			};
			name = Debug;
		};
		2C6DE08D196BF6A600E53191 /* Release */ = {
			isa = XCBuildConfiguration;
			buildSettings = {
				ALWAYS_SEARCH_USER_PATHS = NO;
				CLANG_CXX_LANGUAGE_STANDARD = "gnu++0x";
				CLANG_CXX_LIBRARY = "libc++";
				CLANG_ENABLE_MODULES = YES;
				CLANG_ENABLE_OBJC_ARC = YES;
				CLANG_WARN_BOOL_CONVERSION = YES;
				CLANG_WARN_CONSTANT_CONVERSION = YES;
				CLANG_WARN_DIRECT_OBJC_ISA_USAGE = YES_ERROR;
				CLANG_WARN_EMPTY_BODY = YES;
				CLANG_WARN_ENUM_CONVERSION = YES;
				CLANG_WARN_INT_CONVERSION = YES;
				CLANG_WARN_OBJC_ROOT_CLASS = YES_ERROR;
				CLANG_WARN__DUPLICATE_METHOD_MATCH = YES;
				"CODE_SIGN_IDENTITY[sdk=iphoneos*]" = "iPhone Developer";
				COPY_PHASE_STRIP = YES;
				ENABLE_NS_ASSERTIONS = NO;
				GCC_C_LANGUAGE_STANDARD = gnu99;
				GCC_WARN_64_TO_32_BIT_CONVERSION = YES;
				GCC_WARN_ABOUT_RETURN_TYPE = YES_ERROR;
				GCC_WARN_UNDECLARED_SELECTOR = YES;
				GCC_WARN_UNINITIALIZED_AUTOS = YES_AGGRESSIVE;
				GCC_WARN_UNUSED_FUNCTION = YES;
				GCC_WARN_UNUSED_VARIABLE = YES;
				IPHONEOS_DEPLOYMENT_TARGET = 8.3;
				SDKROOT = iphoneos;
				TARGETED_DEVICE_FAMILY = "1,2";
				VALIDATE_PRODUCT = YES;
			};
			name = Release;
		};
		2C6DE08F196BF6A600E53191 /* Debug */ = {
			isa = XCBuildConfiguration;
			buildSettings = {
				ASSETCATALOG_COMPILER_APPICON_NAME = AppIcon;
				ASSETCATALOG_COMPILER_LAUNCHIMAGE_NAME = LaunchImage;
				CLANG_ENABLE_MODULES = YES;
				GCC_PRECOMPILE_PREFIX_HEADER = YES;
				GCC_PREFIX_HEADER = "MotionManagerDemo/MotionManagerDemo-Prefix.pch";
				INFOPLIST_FILE = "MotionManagerDemo/MotionManagerDemo-Info.plist";
				LD_RUNPATH_SEARCH_PATHS = "$(inherited) @executable_path/Frameworks";
				PRODUCT_NAME = "$(TARGET_NAME)";
				SPRITEKIT_TEXTURE_ATLAS_OUTPUT = YES;
				SWIFT_OBJC_BRIDGING_HEADER = "MotionManagerDemo/MotionManagerDemo-Bridging-Header.h";
				SWIFT_OPTIMIZATION_LEVEL = "-Onone";
				WRAPPER_EXTENSION = app;
			};
			name = Debug;
		};
		2C6DE090196BF6A600E53191 /* Release */ = {
			isa = XCBuildConfiguration;
			buildSettings = {
				ASSETCATALOG_COMPILER_APPICON_NAME = AppIcon;
				ASSETCATALOG_COMPILER_LAUNCHIMAGE_NAME = LaunchImage;
				CLANG_ENABLE_MODULES = YES;
				GCC_PRECOMPILE_PREFIX_HEADER = YES;
				GCC_PREFIX_HEADER = "MotionManagerDemo/MotionManagerDemo-Prefix.pch";
				INFOPLIST_FILE = "MotionManagerDemo/MotionManagerDemo-Info.plist";
				LD_RUNPATH_SEARCH_PATHS = "$(inherited) @executable_path/Frameworks";
				PRODUCT_NAME = "$(TARGET_NAME)";
				SPRITEKIT_TEXTURE_ATLAS_OUTPUT = YES;
				SWIFT_OBJC_BRIDGING_HEADER = "MotionManagerDemo/MotionManagerDemo-Bridging-Header.h";
				WRAPPER_EXTENSION = app;
			};
			name = Release;
		};
		2C6DE092196BF6A600E53191 /* Debug */ = {
			isa = XCBuildConfiguration;
			buildSettings = {
				BUNDLE_LOADER = "$(BUILT_PRODUCTS_DIR)/MotionManagerDemo.app/MotionManagerDemo";
				FRAMEWORK_SEARCH_PATHS = (
					"$(SDKROOT)/Developer/Library/Frameworks",
					"$(inherited)",
					"$(DEVELOPER_FRAMEWORKS_DIR)",
				);
				GCC_PRECOMPILE_PREFIX_HEADER = YES;
				GCC_PREFIX_HEADER = "MotionManagerDemo/MotionManagerDemo-Prefix.pch";
				GCC_PREPROCESSOR_DEFINITIONS = (
					"DEBUG=1",
					"$(inherited)",
				);
				INFOPLIST_FILE = "MotionManagerDemoTests/MotionManagerDemoTests-Info.plist";
				PRODUCT_NAME = "$(TARGET_NAME)";
				TEST_HOST = "$(BUNDLE_LOADER)";
				WRAPPER_EXTENSION = xctest;
			};
			name = Debug;
		};
		2C6DE093196BF6A600E53191 /* Release */ = {
			isa = XCBuildConfiguration;
			buildSettings = {
				BUNDLE_LOADER = "$(BUILT_PRODUCTS_DIR)/MotionManagerDemo.app/MotionManagerDemo";
				FRAMEWORK_SEARCH_PATHS = (
					"$(SDKROOT)/Developer/Library/Frameworks",
					"$(inherited)",
					"$(DEVELOPER_FRAMEWORKS_DIR)",
				);
				GCC_PRECOMPILE_PREFIX_HEADER = YES;
				GCC_PREFIX_HEADER = "MotionManagerDemo/MotionManagerDemo-Prefix.pch";
				INFOPLIST_FILE = "MotionManagerDemoTests/MotionManagerDemoTests-Info.plist";
				PRODUCT_NAME = "$(TARGET_NAME)";
				TEST_HOST = "$(BUNDLE_LOADER)";
				WRAPPER_EXTENSION = xctest;
			};
			name = Release;
		};
/* End XCBuildConfiguration section */

/* Begin XCConfigurationList section */
		2C6DE04D196BF6A500E53191 /* Build configuration list for PBXProject "MotionManagerDemo" */ = {
			isa = XCConfigurationList;
			buildConfigurations = (
				2C6DE08C196BF6A600E53191 /* Debug */,
				2C6DE08D196BF6A600E53191 /* Release */,
			);
			defaultConfigurationIsVisible = 0;
			defaultConfigurationName = Release;
		};
		2C6DE08E196BF6A600E53191 /* Build configuration list for PBXNativeTarget "MotionManagerDemo" */ = {
			isa = XCConfigurationList;
			buildConfigurations = (
				2C6DE08F196BF6A600E53191 /* Debug */,
				2C6DE090196BF6A600E53191 /* Release */,
			);
			defaultConfigurationIsVisible = 0;
			defaultConfigurationName = Release;
		};
		2C6DE091196BF6A600E53191 /* Build configuration list for PBXNativeTarget "MotionManagerDemoTests" */ = {
			isa = XCConfigurationList;
			buildConfigurations = (
				2C6DE092196BF6A600E53191 /* Debug */,
				2C6DE093196BF6A600E53191 /* Release */,
			);
			defaultConfigurationIsVisible = 0;
			defaultConfigurationName = Release;
		};
/* End XCConfigurationList section */
	};
	rootObject = 2C6DE04A196BF6A500E53191 /* Project object */;
}
